// !$*UTF8*$!
{
	archiveVersion = 1;
	classes = {
	};
	objectVersion = 77;
	objects = {

/* Begin PBXContainerItemProxy section */
		5B69E8662E8DF81800F0E0F7 /* PBXContainerItemProxy */ = {
			isa = PBXContainerItemProxy;
			containerPortal = 5B69E8502E8DF81700F0E0F7 /* Project object */;
			proxyType = 1;
			remoteGlobalIDString = 5B69E8572E8DF81700F0E0F7;
			remoteInfo = halcyon;
		};
		5B69E8702E8DF81800F0E0F7 /* PBXContainerItemProxy */ = {
			isa = PBXContainerItemProxy;
			containerPortal = 5B69E8502E8DF81700F0E0F7 /* Project object */;
			proxyType = 1;
			remoteGlobalIDString = 5B69E8572E8DF81700F0E0F7;
			remoteInfo = halcyon;
		};
/* End PBXContainerItemProxy section */

/* Begin PBXFileReference section */
		5B69E8582E8DF81700F0E0F7 /* halcyon.app */ = {isa = PBXFileReference; explicitFileType = wrapper.application; includeInIndex = 0; path = halcyon.app; sourceTree = BUILT_PRODUCTS_DIR; };
		5B69E8652E8DF81800F0E0F7 /* halcyonTests.xctest */ = {isa = PBXFileReference; explicitFileType = wrapper.cfbundle; includeInIndex = 0; path = halcyonTests.xctest; sourceTree = BUILT_PRODUCTS_DIR; };
		5B69E86F2E8DF81800F0E0F7 /* halcyonUITests.xctest */ = {isa = PBXFileReference; explicitFileType = wrapper.cfbundle; includeInIndex = 0; path = halcyonUITests.xctest; sourceTree = BUILT_PRODUCTS_DIR; };
/* End PBXFileReference section */

/* Begin PBXFileSystemSynchronizedRootGroup section */
		5B69E85A2E8DF81700F0E0F7 /* halcyon */ = {
			isa = PBXFileSystemSynchronizedRootGroup;
			path = halcyon;
			sourceTree = "<group>";
		};
		5B69E8682E8DF81800F0E0F7 /* halcyonTests */ = {
			isa = PBXFileSystemSynchronizedRootGroup;
			path = halcyonTests;
			sourceTree = "<group>";
		};
		5B69E8722E8DF81800F0E0F7 /* halcyonUITests */ = {
			isa = PBXFileSystemSynchronizedRootGroup;
			path = halcyonUITests;
			sourceTree = "<group>";
		};
/* End PBXFileSystemSynchronizedRootGroup section */

/* Begin PBXFrameworksBuildPhase section */
		5B69E8552E8DF81700F0E0F7 /* Frameworks */ = {
			isa = PBXFrameworksBuildPhase;
			buildActionMask = 2147483647;
			files = (
			);
			runOnlyForDeploymentPostprocessing = 0;
		};
		5B69E8622E8DF81800F0E0F7 /* Frameworks */ = {
			isa = PBXFrameworksBuildPhase;
			buildActionMask = 2147483647;
			files = (
			);
			runOnlyForDeploymentPostprocessing = 0;
		};
		5B69E86C2E8DF81800F0E0F7 /* Frameworks */ = {
			isa = PBXFrameworksBuildPhase;
			buildActionMask = 2147483647;
			files = (
			);
			runOnlyForDeploymentPostprocessing = 0;
		};
/* End PBXFrameworksBuildPhase section */

/* Begin PBXGroup section */
		5B69E84F2E8DF81700F0E0F7 = {
			isa = PBXGroup;
			children = (
				5B69E85A2E8DF81700F0E0F7 /* halcyon */,
				5B69E8682E8DF81800F0E0F7 /* halcyonTests */,
				5B69E8722E8DF81800F0E0F7 /* halcyonUITests */,
				5B69E8592E8DF81700F0E0F7 /* Products */,
			);
			sourceTree = "<group>";
		};
		5B69E8592E8DF81700F0E0F7 /* Products */ = {
			isa = PBXGroup;
			children = (
				5B69E8582E8DF81700F0E0F7 /* halcyon.app */,
				5B69E8652E8DF81800F0E0F7 /* halcyonTests.xctest */,
				5B69E86F2E8DF81800F0E0F7 /* halcyonUITests.xctest */,
			);
			name = Products;
			sourceTree = "<group>";
		};
/* End PBXGroup section */

/* Begin PBXNativeTarget section */
		5B69E8572E8DF81700F0E0F7 /* halcyon */ = {
			isa = PBXNativeTarget;
			buildConfigurationList = 5B69E8792E8DF81800F0E0F7 /* Build configuration list for PBXNativeTarget "halcyon" */;
			buildPhases = (
				5B69E8542E8DF81700F0E0F7 /* Sources */,
				5B69E8552E8DF81700F0E0F7 /* Frameworks */,
				5B69E8562E8DF81700F0E0F7 /* Resources */,
			);
			buildRules = (
			);
			dependencies = (
			);
			fileSystemSynchronizedGroups = (
				5B69E85A2E8DF81700F0E0F7 /* halcyon */,
			);
			name = halcyon;
			packageProductDependencies = (
			);
			productName = halcyon;
			productReference = 5B69E8582E8DF81700F0E0F7 /* halcyon.app */;
			productType = "com.apple.product-type.application";
		};
		5B69E8642E8DF81800F0E0F7 /* halcyonTests */ = {
			isa = PBXNativeTarget;
			buildConfigurationList = 5B69E87C2E8DF81800F0E0F7 /* Build configuration list for PBXNativeTarget "halcyonTests" */;
			buildPhases = (
				5B69E8612E8DF81800F0E0F7 /* Sources */,
				5B69E8622E8DF81800F0E0F7 /* Frameworks */,
				5B69E8632E8DF81800F0E0F7 /* Resources */,
			);
			buildRules = (
			);
			dependencies = (
				5B69E8672E8DF81800F0E0F7 /* PBXTargetDependency */,
			);
			fileSystemSynchronizedGroups = (
				5B69E8682E8DF81800F0E0F7 /* halcyonTests */,
			);
			name = halcyonTests;
			packageProductDependencies = (
			);
			productName = halcyonTests;
			productReference = 5B69E8652E8DF81800F0E0F7 /* halcyonTests.xctest */;
			productType = "com.apple.product-type.bundle.unit-test";
		};
		5B69E86E2E8DF81800F0E0F7 /* halcyonUITests */ = {
			isa = PBXNativeTarget;
			buildConfigurationList = 5B69E87F2E8DF81800F0E0F7 /* Build configuration list for PBXNativeTarget "halcyonUITests" */;
			buildPhases = (
				5B69E86B2E8DF81800F0E0F7 /* Sources */,
				5B69E86C2E8DF81800F0E0F7 /* Frameworks */,
				5B69E86D2E8DF81800F0E0F7 /* Resources */,
			);
			buildRules = (
			);
			dependencies = (
				5B69E8712E8DF81800F0E0F7 /* PBXTargetDependency */,
			);
			fileSystemSynchronizedGroups = (
				5B69E8722E8DF81800F0E0F7 /* halcyonUITests */,
			);
			name = halcyonUITests;
			packageProductDependencies = (
			);
			productName = halcyonUITests;
			productReference = 5B69E86F2E8DF81800F0E0F7 /* halcyonUITests.xctest */;
			productType = "com.apple.product-type.bundle.ui-testing";
		};
/* End PBXNativeTarget section */

/* Begin PBXProject section */
		5B69E8502E8DF81700F0E0F7 /* Project object */ = {
			isa = PBXProject;
			attributes = {
				BuildIndependentTargetsInParallel = 1;
				LastSwiftUpdateCheck = 2600;
				LastUpgradeCheck = 2600;
				TargetAttributes = {
					5B69E8572E8DF81700F0E0F7 = {
						CreatedOnToolsVersion = 26.0.1;
					};
					5B69E8642E8DF81800F0E0F7 = {
						CreatedOnToolsVersion = 26.0.1;
						TestTargetID = 5B69E8572E8DF81700F0E0F7;
					};
					5B69E86E2E8DF81800F0E0F7 = {
						CreatedOnToolsVersion = 26.0.1;
						TestTargetID = 5B69E8572E8DF81700F0E0F7;
					};
				};
			};
			buildConfigurationList = 5B69E8532E8DF81700F0E0F7 /* Build configuration list for PBXProject "halcyon" */;
			developmentRegion = en;
			hasScannedForEncodings = 0;
			knownRegions = (
				en,
				Base,
			);
			mainGroup = 5B69E84F2E8DF81700F0E0F7;
			minimizedProjectReferenceProxies = 1;
			preferredProjectObjectVersion = 77;
			productRefGroup = 5B69E8592E8DF81700F0E0F7 /* Products */;
			projectDirPath = "";
			projectRoot = "";
			targets = (
				5B69E8572E8DF81700F0E0F7 /* halcyon */,
				5B69E8642E8DF81800F0E0F7 /* halcyonTests */,
				5B69E86E2E8DF81800F0E0F7 /* halcyonUITests */,
			);
		};
/* End PBXProject section */

/* Begin PBXResourcesBuildPhase section */
		5B69E8562E8DF81700F0E0F7 /* Resources */ = {
			isa = PBXResourcesBuildPhase;
			buildActionMask = 2147483647;
			files = (
			);
			runOnlyForDeploymentPostprocessing = 0;
		};
		5B69E8632E8DF81800F0E0F7 /* Resources */ = {
			isa = PBXResourcesBuildPhase;
			buildActionMask = 2147483647;
			files = (
			);
			runOnlyForDeploymentPostprocessing = 0;
		};
		5B69E86D2E8DF81800F0E0F7 /* Resources */ = {
			isa = PBXResourcesBuildPhase;
			buildActionMask = 2147483647;
			files = (
			);
			runOnlyForDeploymentPostprocessing = 0;
		};
/* End PBXResourcesBuildPhase section */

/* Begin PBXSourcesBuildPhase section */
		5B69E8542E8DF81700F0E0F7 /* Sources */ = {
			isa = PBXSourcesBuildPhase;
			buildActionMask = 2147483647;
			files = (
			);
			runOnlyForDeploymentPostprocessing = 0;
		};
		5B69E8612E8DF81800F0E0F7 /* Sources */ = {
			isa = PBXSourcesBuildPhase;
			buildActionMask = 2147483647;
			files = (
			);
			runOnlyForDeploymentPostprocessing = 0;
		};
		5B69E86B2E8DF81800F0E0F7 /* Sources */ = {
			isa = PBXSourcesBuildPhase;
			buildActionMask = 2147483647;
			files = (
			);
			runOnlyForDeploymentPostprocessing = 0;
		};
/* End PBXSourcesBuildPhase section */

/* Begin PBXTargetDependency section */
		5B69E8672E8DF81800F0E0F7 /* PBXTargetDependency */ = {
			isa = PBXTargetDependency;
			target = 5B69E8572E8DF81700F0E0F7 /* halcyon */;
			targetProxy = 5B69E8662E8DF81800F0E0F7 /* PBXContainerItemProxy */;
		};
		5B69E8712E8DF81800F0E0F7 /* PBXTargetDependency */ = {
			isa = PBXTargetDependency;
			target = 5B69E8572E8DF81700F0E0F7 /* halcyon */;
			targetProxy = 5B69E8702E8DF81800F0E0F7 /* PBXContainerItemProxy */;
		};
/* End PBXTargetDependency section */

/* Begin XCBuildConfiguration section */
		5B69E8772E8DF81800F0E0F7 /* Debug */ = {
			isa = XCBuildConfiguration;
			buildSettings = {
				ALWAYS_SEARCH_USER_PATHS = NO;
				ASSETCATALOG_COMPILER_GENERATE_SWIFT_ASSET_SYMBOL_EXTENSIONS = YES;
				CLANG_ANALYZER_NONNULL = YES;
				CLANG_ANALYZER_NUMBER_OBJECT_CONVERSION = YES_AGGRESSIVE;
				CLANG_CXX_LANGUAGE_STANDARD = "gnu++20";
				CLANG_ENABLE_MODULES = YES;
				CLANG_ENABLE_OBJC_ARC = YES;
				CLANG_ENABLE_OBJC_WEAK = YES;
				CLANG_WARN_BLOCK_CAPTURE_AUTORELEASING = YES;
				CLANG_WARN_BOOL_CONVERSION = YES;
				CLANG_WARN_COMMA = YES;
				CLANG_WARN_CONSTANT_CONVERSION = YES;
				CLANG_WARN_DEPRECATED_OBJC_IMPLEMENTATIONS = YES;
				CLANG_WARN_DIRECT_OBJC_ISA_USAGE = YES_ERROR;
				CLANG_WARN_DOCUMENTATION_COMMENTS = YES;
				CLANG_WARN_EMPTY_BODY = YES;
				CLANG_WARN_ENUM_CONVERSION = YES;
				CLANG_WARN_INFINITE_RECURSION = YES;
				CLANG_WARN_INT_CONVERSION = YES;
				CLANG_WARN_NON_LITERAL_NULL_CONVERSION = YES;
				CLANG_WARN_OBJC_IMPLICIT_RETAIN_SELF = YES;
				CLANG_WARN_OBJC_LITERAL_CONVERSION = YES;
				CLANG_WARN_OBJC_ROOT_CLASS = YES_ERROR;
				CLANG_WARN_QUOTED_INCLUDE_IN_FRAMEWORK_HEADER = YES;
				CLANG_WARN_RANGE_LOOP_ANALYSIS = YES;
				CLANG_WARN_STRICT_PROTOTYPES = YES;
				CLANG_WARN_SUSPICIOUS_MOVE = YES;
				CLANG_WARN_UNGUARDED_AVAILABILITY = YES_AGGRESSIVE;
				CLANG_WARN_UNREACHABLE_CODE = YES;
				CLANG_WARN__DUPLICATE_METHOD_MATCH = YES;
				COPY_PHASE_STRIP = NO;
				DEBUG_INFORMATION_FORMAT = dwarf;
				DEVELOPMENT_TEAM = JR398S689Z;
				ENABLE_STRICT_OBJC_MSGSEND = YES;
				ENABLE_TESTABILITY = YES;
				ENABLE_USER_SCRIPT_SANDBOXING = YES;
				GCC_C_LANGUAGE_STANDARD = gnu17;
				GCC_DYNAMIC_NO_PIC = NO;
				GCC_NO_COMMON_BLOCKS = YES;
				GCC_OPTIMIZATION_LEVEL = 0;
				GCC_PREPROCESSOR_DEFINITIONS = (
					"DEBUG=1",
					"$(inherited)",
				);
				GCC_WARN_64_TO_32_BIT_CONVERSION = YES;
				GCC_WARN_ABOUT_RETURN_TYPE = YES_ERROR;
				GCC_WARN_UNDECLARED_SELECTOR = YES;
				GCC_WARN_UNINITIALIZED_AUTOS = YES_AGGRESSIVE;
				GCC_WARN_UNUSED_FUNCTION = YES;
				GCC_WARN_UNUSED_VARIABLE = YES;
				LOCALIZATION_PREFERS_STRING_CATALOGS = YES;
				MACOSX_DEPLOYMENT_TARGET = 15.6;
				MTL_ENABLE_DEBUG_INFO = INCLUDE_SOURCE;
				MTL_FAST_MATH = YES;
				ONLY_ACTIVE_ARCH = YES;
				SDKROOT = macosx;
				SWIFT_ACTIVE_COMPILATION_CONDITIONS = "DEBUG $(inherited)";
				SWIFT_OPTIMIZATION_LEVEL = "-Onone";
			};
			name = Debug;
		};
		5B69E8782E8DF81800F0E0F7 /* Release */ = {
			isa = XCBuildConfiguration;
			buildSettings = {
				ALWAYS_SEARCH_USER_PATHS = NO;
				ASSETCATALOG_COMPILER_GENERATE_SWIFT_ASSET_SYMBOL_EXTENSIONS = YES;
				CLANG_ANALYZER_NONNULL = YES;
				CLANG_ANALYZER_NUMBER_OBJECT_CONVERSION = YES_AGGRESSIVE;
				CLANG_CXX_LANGUAGE_STANDARD = "gnu++20";
				CLANG_ENABLE_MODULES = YES;
				CLANG_ENABLE_OBJC_ARC = YES;
				CLANG_ENABLE_OBJC_WEAK = YES;
				CLANG_WARN_BLOCK_CAPTURE_AUTORELEASING = YES;
				CLANG_WARN_BOOL_CONVERSION = YES;
				CLANG_WARN_COMMA = YES;
				CLANG_WARN_CONSTANT_CONVERSION = YES;
				CLANG_WARN_DEPRECATED_OBJC_IMPLEMENTATIONS = YES;
				CLANG_WARN_DIRECT_OBJC_ISA_USAGE = YES_ERROR;
				CLANG_WARN_DOCUMENTATION_COMMENTS = YES;
				CLANG_WARN_EMPTY_BODY = YES;
				CLANG_WARN_ENUM_CONVERSION = YES;
				CLANG_WARN_INFINITE_RECURSION = YES;
				CLANG_WARN_INT_CONVERSION = YES;
				CLANG_WARN_NON_LITERAL_NULL_CONVERSION = YES;
				CLANG_WARN_OBJC_IMPLICIT_RETAIN_SELF = YES;
				CLANG_WARN_OBJC_LITERAL_CONVERSION = YES;
				CLANG_WARN_OBJC_ROOT_CLASS = YES_ERROR;
				CLANG_WARN_QUOTED_INCLUDE_IN_FRAMEWORK_HEADER = YES;
				CLANG_WARN_RANGE_LOOP_ANALYSIS = YES;
				CLANG_WARN_STRICT_PROTOTYPES = YES;
				CLANG_WARN_SUSPICIOUS_MOVE = YES;
				CLANG_WARN_UNGUARDED_AVAILABILITY = YES_AGGRESSIVE;
				CLANG_WARN_UNREACHABLE_CODE = YES;
				CLANG_WARN__DUPLICATE_METHOD_MATCH = YES;
				COPY_PHASE_STRIP = NO;
				DEBUG_INFORMATION_FORMAT = "dwarf-with-dsym";
				DEVELOPMENT_TEAM = JR398S689Z;
				ENABLE_NS_ASSERTIONS = NO;
				ENABLE_STRICT_OBJC_MSGSEND = YES;
				ENABLE_USER_SCRIPT_SANDBOXING = YES;
				GCC_C_LANGUAGE_STANDARD = gnu17;
				GCC_NO_COMMON_BLOCKS = YES;
				GCC_WARN_64_TO_32_BIT_CONVERSION = YES;
				GCC_WARN_ABOUT_RETURN_TYPE = YES_ERROR;
				GCC_WARN_UNDECLARED_SELECTOR = YES;
				GCC_WARN_UNINITIALIZED_AUTOS = YES_AGGRESSIVE;
				GCC_WARN_UNUSED_FUNCTION = YES;
				GCC_WARN_UNUSED_VARIABLE = YES;
				LOCALIZATION_PREFERS_STRING_CATALOGS = YES;
				MACOSX_DEPLOYMENT_TARGET = 15.6;
				MTL_ENABLE_DEBUG_INFO = NO;
				MTL_FAST_MATH = YES;
				SDKROOT = macosx;
				SWIFT_COMPILATION_MODE = wholemodule;
			};
			name = Release;
		};
		5B69E87A2E8DF81800F0E0F7 /* Debug */ = {
			isa = XCBuildConfiguration;
			buildSettings = {
				ASSETCATALOG_COMPILER_APPICON_NAME = AppIcon;
				ASSETCATALOG_COMPILER_GLOBAL_ACCENT_COLOR_NAME = AccentColor;
				CODE_SIGN_ENTITLEMENTS = halcyon/halcyon.entitlements;
				"CODE_SIGN_IDENTITY[sdk=macosx*]" = "-";
				CODE_SIGN_STYLE = Automatic;
				COMBINE_HIDPI_IMAGES = YES;
				CURRENT_PROJECT_VERSION = 1;
				DEVELOPMENT_TEAM = JR398S689Z;
				ENABLE_APP_SANDBOX = YES;
				ENABLE_FILE_ACCESS_MUSIC_FOLDER = readwrite;
				ENABLE_HARDENED_RUNTIME = YES;
				ENABLE_INCOMING_NETWORK_CONNECTIONS = NO;
				ENABLE_OUTGOING_NETWORK_CONNECTIONS = NO;
				ENABLE_PREVIEWS = YES;
				ENABLE_RESOURCE_ACCESS_AUDIO_INPUT = NO;
				ENABLE_RESOURCE_ACCESS_BLUETOOTH = NO;
				ENABLE_RESOURCE_ACCESS_CALENDARS = NO;
				ENABLE_RESOURCE_ACCESS_CAMERA = NO;
				ENABLE_RESOURCE_ACCESS_CONTACTS = NO;
				ENABLE_RESOURCE_ACCESS_LOCATION = NO;
				ENABLE_RESOURCE_ACCESS_PRINTING = NO;
				ENABLE_RESOURCE_ACCESS_USB = NO;
				ENABLE_USER_SELECTED_FILES = readonly;
				GENERATE_INFOPLIST_FILE = YES;
				INFOPLIST_KEY_NSAppleEventsUsageDescription = "Halcyon needs access to control the Music app to organize your playlist folders.";
				INFOPLIST_KEY_NSAppleMusicUsageDescription = "Halcyon needs access to control the media app to organize your playlist folders.";
				INFOPLIST_KEY_NSHumanReadableCopyright = "";
				LD_RUNPATH_SEARCH_PATHS = (
					"$(inherited)",
					"@executable_path/../Frameworks",
				);
				MARKETING_VERSION = 1.0;
				PRODUCT_BUNDLE_IDENTIFIER = pallas.halcyon;
				PRODUCT_NAME = "$(TARGET_NAME)";
				REGISTER_APP_GROUPS = YES;
				STRING_CATALOG_GENERATE_SYMBOLS = YES;
				SWIFT_APPROACHABLE_CONCURRENCY = YES;
				SWIFT_DEFAULT_ACTOR_ISOLATION = MainActor;
				SWIFT_EMIT_LOC_STRINGS = YES;
				SWIFT_UPCOMING_FEATURE_MEMBER_IMPORT_VISIBILITY = YES;
				SWIFT_VERSION = 5.0;
			};
			name = Debug;
		};
		5B69E87B2E8DF81800F0E0F7 /* Release */ = {
			isa = XCBuildConfiguration;
			buildSettings = {
				ASSETCATALOG_COMPILER_APPICON_NAME = AppIcon;
				ASSETCATALOG_COMPILER_GLOBAL_ACCENT_COLOR_NAME = AccentColor;
				CODE_SIGN_ENTITLEMENTS = halcyon/halcyon.entitlements;
				"CODE_SIGN_IDENTITY[sdk=macosx*]" = "-";
				CODE_SIGN_STYLE = Automatic;
				COMBINE_HIDPI_IMAGES = YES;
				CURRENT_PROJECT_VERSION = 1;
				DEVELOPMENT_TEAM = JR398S689Z;
				ENABLE_APP_SANDBOX = YES;
				ENABLE_FILE_ACCESS_MUSIC_FOLDER = readwrite;
				ENABLE_HARDENED_RUNTIME = YES;
				ENABLE_INCOMING_NETWORK_CONNECTIONS = NO;
				ENABLE_OUTGOING_NETWORK_CONNECTIONS = NO;
				ENABLE_PREVIEWS = YES;
				ENABLE_RESOURCE_ACCESS_AUDIO_INPUT = NO;
				ENABLE_RESOURCE_ACCESS_BLUETOOTH = NO;
				ENABLE_RESOURCE_ACCESS_CALENDARS = NO;
				ENABLE_RESOURCE_ACCESS_CAMERA = NO;
				ENABLE_RESOURCE_ACCESS_CONTACTS = NO;
				ENABLE_RESOURCE_ACCESS_LOCATION = NO;
				ENABLE_RESOURCE_ACCESS_PRINTING = NO;
				ENABLE_RESOURCE_ACCESS_USB = NO;
				ENABLE_USER_SELECTED_FILES = readonly;
				GENERATE_INFOPLIST_FILE = YES;
				INFOPLIST_KEY_NSAppleEventsUsageDescription = "Halcyon needs access to control the Music app to organize your playlist folders.";
				INFOPLIST_KEY_NSAppleMusicUsageDescription = "Halcyon needs access to control the media app to organize your playlist folders.";
				INFOPLIST_KEY_NSHumanReadableCopyright = "";
				LD_RUNPATH_SEARCH_PATHS = (
					"$(inherited)",
					"@executable_path/../Frameworks",
				);
				MARKETING_VERSION = 1.0;
				PRODUCT_BUNDLE_IDENTIFIER = pallas.halcyon;
				PRODUCT_NAME = "$(TARGET_NAME)";
				REGISTER_APP_GROUPS = YES;
				STRING_CATALOG_GENERATE_SYMBOLS = YES;
				SWIFT_APPROACHABLE_CONCURRENCY = YES;
				SWIFT_DEFAULT_ACTOR_ISOLATION = MainActor;
				SWIFT_EMIT_LOC_STRINGS = YES;
				SWIFT_UPCOMING_FEATURE_MEMBER_IMPORT_VISIBILITY = YES;
				SWIFT_VERSION = 5.0;
			};
			name = Release;
		};
		5B69E87D2E8DF81800F0E0F7 /* Debug */ = {
			isa = XCBuildConfiguration;
			buildSettings = {
				BUNDLE_LOADER = "$(TEST_HOST)";
				CODE_SIGN_STYLE = Automatic;
				CURRENT_PROJECT_VERSION = 1;
				DEVELOPMENT_TEAM = JR398S689Z;
				GENERATE_INFOPLIST_FILE = YES;
				MACOSX_DEPLOYMENT_TARGET = 15.6;
				MARKETING_VERSION = 1.0;
				PRODUCT_BUNDLE_IDENTIFIER = pallas.halcyonTests;
				PRODUCT_NAME = "$(TARGET_NAME)";
				STRING_CATALOG_GENERATE_SYMBOLS = NO;
				SWIFT_APPROACHABLE_CONCURRENCY = YES;
				SWIFT_EMIT_LOC_STRINGS = NO;
				SWIFT_UPCOMING_FEATURE_MEMBER_IMPORT_VISIBILITY = YES;
				SWIFT_VERSION = 5.0;
				TEST_HOST = "$(BUILT_PRODUCTS_DIR)/halcyon.app/$(BUNDLE_EXECUTABLE_FOLDER_PATH)/halcyon";
			};
			name = Debug;
		};
		5B69E87E2E8DF81800F0E0F7 /* Release */ = {
			isa = XCBuildConfiguration;
			buildSettings = {
				BUNDLE_LOADER = "$(TEST_HOST)";
				CODE_SIGN_STYLE = Automatic;
				CURRENT_PROJECT_VERSION = 1;
				DEVELOPMENT_TEAM = JR398S689Z;
				GENERATE_INFOPLIST_FILE = YES;
				MACOSX_DEPLOYMENT_TARGET = 15.6;
				MARKETING_VERSION = 1.0;
				PRODUCT_BUNDLE_IDENTIFIER = pallas.halcyonTests;
				PRODUCT_NAME = "$(TARGET_NAME)";
				STRING_CATALOG_GENERATE_SYMBOLS = NO;
				SWIFT_APPROACHABLE_CONCURRENCY = YES;
				SWIFT_EMIT_LOC_STRINGS = NO;
				SWIFT_UPCOMING_FEATURE_MEMBER_IMPORT_VISIBILITY = YES;
				SWIFT_VERSION = 5.0;
				TEST_HOST = "$(BUILT_PRODUCTS_DIR)/halcyon.app/$(BUNDLE_EXECUTABLE_FOLDER_PATH)/halcyon";
			};
			name = Release;
		};
		5B69E8802E8DF81800F0E0F7 /* Debug */ = {
			isa = XCBuildConfiguration;
			buildSettings = {
				CODE_SIGN_STYLE = Automatic;
				CURRENT_PROJECT_VERSION = 1;
				DEVELOPMENT_TEAM = JR398S689Z;
				GENERATE_INFOPLIST_FILE = YES;
				MARKETING_VERSION = 1.0;
				PRODUCT_BUNDLE_IDENTIFIER = pallas.halcyonUITests;
				PRODUCT_NAME = "$(TARGET_NAME)";
				STRING_CATALOG_GENERATE_SYMBOLS = NO;
				SWIFT_APPROACHABLE_CONCURRENCY = YES;
				SWIFT_EMIT_LOC_STRINGS = NO;
				SWIFT_UPCOMING_FEATURE_MEMBER_IMPORT_VISIBILITY = YES;
				SWIFT_VERSION = 5.0;
				TEST_TARGET_NAME = halcyon;
			};
			name = Debug;
		};
		5B69E8812E8DF81800F0E0F7 /* Release */ = {
			isa = XCBuildConfiguration;
			buildSettings = {
				CODE_SIGN_STYLE = Automatic;
				CURRENT_PROJECT_VERSION = 1;
				DEVELOPMENT_TEAM = JR398S689Z;
				GENERATE_INFOPLIST_FILE = YES;
				MARKETING_VERSION = 1.0;
				PRODUCT_BUNDLE_IDENTIFIER = pallas.halcyonUITests;
				PRODUCT_NAME = "$(TARGET_NAME)";
				STRING_CATALOG_GENERATE_SYMBOLS = NO;
				SWIFT_APPROACHABLE_CONCURRENCY = YES;
				SWIFT_EMIT_LOC_STRINGS = NO;
				SWIFT_UPCOMING_FEATURE_MEMBER_IMPORT_VISIBILITY = YES;
				SWIFT_VERSION = 5.0;
				TEST_TARGET_NAME = halcyon;
			};
			name = Release;
		};
/* End XCBuildConfiguration section */

/* Begin XCConfigurationList section */
		5B69E8532E8DF81700F0E0F7 /* Build configuration list for PBXProject "halcyon" */ = {
			isa = XCConfigurationList;
			buildConfigurations = (
				5B69E8772E8DF81800F0E0F7 /* Debug */,
				5B69E8782E8DF81800F0E0F7 /* Release */,
			);
			defaultConfigurationIsVisible = 0;
			defaultConfigurationName = Release;
		};
		5B69E8792E8DF81800F0E0F7 /* Build configuration list for PBXNativeTarget "halcyon" */ = {
			isa = XCConfigurationList;
			buildConfigurations = (
				5B69E87A2E8DF81800F0E0F7 /* Debug */,
				5B69E87B2E8DF81800F0E0F7 /* Release */,
			);
			defaultConfigurationIsVisible = 0;
			defaultConfigurationName = Release;
		};
		5B69E87C2E8DF81800F0E0F7 /* Build configuration list for PBXNativeTarget "halcyonTests" */ = {
			isa = XCConfigurationList;
			buildConfigurations = (
				5B69E87D2E8DF81800F0E0F7 /* Debug */,
				5B69E87E2E8DF81800F0E0F7 /* Release */,
			);
			defaultConfigurationIsVisible = 0;
			defaultConfigurationName = Release;
		};
		5B69E87F2E8DF81800F0E0F7 /* Build configuration list for PBXNativeTarget "halcyonUITests" */ = {
			isa = XCConfigurationList;
			buildConfigurations = (
				5B69E8802E8DF81800F0E0F7 /* Debug */,
				5B69E8812E8DF81800F0E0F7 /* Release */,
			);
			defaultConfigurationIsVisible = 0;
			defaultConfigurationName = Release;
		};
/* End XCConfigurationList section */
	};
	rootObject = 5B69E8502E8DF81700F0E0F7 /* Project object */;
}
